
Microsoft Visual Studio Solution File, Format Version 12.00
# Visual Studio Version 17
VisualStudioVersion = 17.6.33723.286
MinimumVisualStudioVersion = 10.0.40219.1
Project("{FAE04EC0-301F-11D3-BF4B-00C04F79EFBC}") = "PruebaCodere", "PruebaCodere.csproj", "{08800BEE-25B5-4506-AE6D-0FC1360AE172}"
EndProject
Global
	GlobalSection(SolutionConfigurationPlatforms) = preSolution
		Debug|Any CPU = Debug|Any CPU
		Release|Any CPU = Release|Any CPU
	EndGlobalSection
	GlobalSection(ProjectConfigurationPlatforms) = postSolution
		{08800BEE-25B5-4506-AE6D-0FC1360AE172}.Debug|Any CPU.ActiveCfg = Debug|Any CPU
		{08800BEE-25B5-4506-AE6D-0FC1360AE172}.Debug|Any CPU.Build.0 = Debug|Any CPU
		{08800BEE-25B5-4506-AE6D-0FC1360AE172}.Release|Any CPU.ActiveCfg = Release|Any CPU
		{08800BEE-25B5-4506-AE6D-0FC1360AE172}.Release|Any CPU.Build.0 = Release|Any CPU
	EndGlobalSection
	GlobalSection(SolutionProperties) = preSolution
		HideSolutionNode = FALSE
	EndGlobalSection
	GlobalSection(ExtensibilityGlobals) = postSolution
		SolutionGuid = {235597E0-D61F-4C09-A0BE-74C1F516E40A}
	EndGlobalSection
EndGlobal
